// !$*UTF8*$!
{
	archiveVersion = 1;
	classes = {
	};
	objectVersion = 50;
	objects = {

/* Begin PBXBuildFile section */
		7E277FC120E141BC0071531C /* AppDelegate.swift in Sources */ = {isa = PBXBuildFile; fileRef = 7E277FC020E141BC0071531C /* AppDelegate.swift */; };
		7E277FC320E141BC0071531C /* ViewController.swift in Sources */ = {isa = PBXBuildFile; fileRef = 7E277FC220E141BC0071531C /* ViewController.swift */; };
		7E277FC620E141BC0071531C /* Main.storyboard in Resources */ = {isa = PBXBuildFile; fileRef = 7E277FC420E141BC0071531C /* Main.storyboard */; };
		7E277FC820E141BE0071531C /* Assets.xcassets in Resources */ = {isa = PBXBuildFile; fileRef = 7E277FC720E141BE0071531C /* Assets.xcassets */; };
		7E277FCB20E141BE0071531C /* LaunchScreen.storyboard in Resources */ = {isa = PBXBuildFile; fileRef = 7E277FC920E141BE0071531C /* LaunchScreen.storyboard */; };
		7E277FD620E141BF0071531C /* HelloWorldTests.swift in Sources */ = {isa = PBXBuildFile; fileRef = 7E277FD520E141BF0071531C /* HelloWorldTests.swift */; };
		7E277FE120E141BF0071531C /* HelloWorldUITests.swift in Sources */ = {isa = PBXBuildFile; fileRef = 7E277FE020E141BF0071531C /* HelloWorldUITests.swift */; };
/* End PBXBuildFile section */

/* Begin PBXContainerItemProxy section */
		7E277FD220E141BF0071531C /* PBXContainerItemProxy */ = {
			isa = PBXContainerItemProxy;
			containerPortal = 7E277FB520E141BC0071531C /* Project object */;
			proxyType = 1;
			remoteGlobalIDString = 7E277FBC20E141BC0071531C;
			remoteInfo = HelloWorld;
		};
		7E277FDD20E141BF0071531C /* PBXContainerItemProxy */ = {
			isa = PBXContainerItemProxy;
			containerPortal = 7E277FB520E141BC0071531C /* Project object */;
			proxyType = 1;
			remoteGlobalIDString = 7E277FBC20E141BC0071531C;
			remoteInfo = HelloWorld;
		};
/* End PBXContainerItemProxy section */

/* Begin PBXFileReference section */
		7E277FBD20E141BC0071531C /* HelloWorld.app */ = {isa = PBXFileReference; explicitFileType = wrapper.application; includeInIndex = 0; path = HelloWorld.app; sourceTree = BUILT_PRODUCTS_DIR; };
		7E277FC020E141BC0071531C /* AppDelegate.swift */ = {isa = PBXFileReference; lastKnownFileType = sourcecode.swift; path = AppDelegate.swift; sourceTree = "<group>"; };
		7E277FC220E141BC0071531C /* ViewController.swift */ = {isa = PBXFileReference; lastKnownFileType = sourcecode.swift; path = ViewController.swift; sourceTree = "<group>"; };
		7E277FC520E141BC0071531C /* Base */ = {isa = PBXFileReference; lastKnownFileType = file.storyboard; name = Base; path = Base.lproj/Main.storyboard; sourceTree = "<group>"; };
		7E277FC720E141BE0071531C /* Assets.xcassets */ = {isa = PBXFileReference; lastKnownFileType = folder.assetcatalog; path = Assets.xcassets; sourceTree = "<group>"; };
		7E277FCA20E141BE0071531C /* Base */ = {isa = PBXFileReference; lastKnownFileType = file.storyboard; name = Base; path = Base.lproj/LaunchScreen.storyboard; sourceTree = "<group>"; };
		7E277FCC20E141BF0071531C /* Info.plist */ = {isa = PBXFileReference; lastKnownFileType = text.plist.xml; path = Info.plist; sourceTree = "<group>"; };
		7E277FD120E141BF0071531C /* HelloWorldTests.xctest */ = {isa = PBXFileReference; explicitFileType = wrapper.cfbundle; includeInIndex = 0; path = HelloWorldTests.xctest; sourceTree = BUILT_PRODUCTS_DIR; };
		7E277FD520E141BF0071531C /* HelloWorldTests.swift */ = {isa = PBXFileReference; lastKnownFileType = sourcecode.swift; path = HelloWorldTests.swift; sourceTree = "<group>"; };
		7E277FD720E141BF0071531C /* Info.plist */ = {isa = PBXFileReference; lastKnownFileType = text.plist.xml; path = Info.plist; sourceTree = "<group>"; };
		7E277FDC20E141BF0071531C /* HelloWorldUITests.xctest */ = {isa = PBXFileReference; explicitFileType = wrapper.cfbundle; includeInIndex = 0; path = HelloWorldUITests.xctest; sourceTree = BUILT_PRODUCTS_DIR; };
		7E277FE020E141BF0071531C /* HelloWorldUITests.swift */ = {isa = PBXFileReference; lastKnownFileType = sourcecode.swift; path = HelloWorldUITests.swift; sourceTree = "<group>"; };
		7E277FE220E141BF0071531C /* Info.plist */ = {isa = PBXFileReference; lastKnownFileType = text.plist.xml; path = Info.plist; sourceTree = "<group>"; };
/* End PBXFileReference section */

/* Begin PBXFrameworksBuildPhase section */
		7E277FBA20E141BC0071531C /* Frameworks */ = {
			isa = PBXFrameworksBuildPhase;
			buildActionMask = 2147483647;
			files = (
			);
			runOnlyForDeploymentPostprocessing = 0;
		};
		7E277FCE20E141BF0071531C /* Frameworks */ = {
			isa = PBXFrameworksBuildPhase;
			buildActionMask = 2147483647;
			files = (
			);
			runOnlyForDeploymentPostprocessing = 0;
		};
		7E277FD920E141BF0071531C /* Frameworks */ = {
			isa = PBXFrameworksBuildPhase;
			buildActionMask = 2147483647;
			files = (
			);
			runOnlyForDeploymentPostprocessing = 0;
		};
/* End PBXFrameworksBuildPhase section */

/* Begin PBXGroup section */
		7E277FB420E141BC0071531C = {
			isa = PBXGroup;
			children = (
				7E277FBF20E141BC0071531C /* HelloWorld */,
				7E277FD420E141BF0071531C /* HelloWorldTests */,
				7E277FDF20E141BF0071531C /* HelloWorldUITests */,
				7E277FBE20E141BC0071531C /* Products */,
			);
			sourceTree = "<group>";
		};
		7E277FBE20E141BC0071531C /* Products */ = {
			isa = PBXGroup;
			children = (
				7E277FBD20E141BC0071531C /* HelloWorld.app */,
				7E277FD120E141BF0071531C /* HelloWorldTests.xctest */,
				7E277FDC20E141BF0071531C /* HelloWorldUITests.xctest */,
			);
			name = Products;
			sourceTree = "<group>";
		};
		7E277FBF20E141BC0071531C /* HelloWorld */ = {
			isa = PBXGroup;
			children = (
				7E277FC020E141BC0071531C /* AppDelegate.swift */,
				7E277FC220E141BC0071531C /* ViewController.swift */,
				7E277FC420E141BC0071531C /* Main.storyboard */,
				7E277FC720E141BE0071531C /* Assets.xcassets */,
				7E277FC920E141BE0071531C /* LaunchScreen.storyboard */,
				7E277FCC20E141BF0071531C /* Info.plist */,
			);
			path = HelloWorld;
			sourceTree = "<group>";
		};
		7E277FD420E141BF0071531C /* HelloWorldTests */ = {
			isa = PBXGroup;
			children = (
				7E277FD520E141BF0071531C /* HelloWorldTests.swift */,
				7E277FD720E141BF0071531C /* Info.plist */,
			);
			path = HelloWorldTests;
			sourceTree = "<group>";
		};
		7E277FDF20E141BF0071531C /* HelloWorldUITests */ = {
			isa = PBXGroup;
			children = (
				7E277FE020E141BF0071531C /* HelloWorldUITests.swift */,
				7E277FE220E141BF0071531C /* Info.plist */,
			);
			path = HelloWorldUITests;
			sourceTree = "<group>";
		};
/* End PBXGroup section */

/* Begin PBXNativeTarget section */
		7E277FBC20E141BC0071531C /* HelloWorld */ = {
			isa = PBXNativeTarget;
			buildConfigurationList = 7E277FE520E141BF0071531C /* Build configuration list for PBXNativeTarget "HelloWorld" */;
			buildPhases = (
				7E277FB920E141BC0071531C /* Sources */,
				7E277FBA20E141BC0071531C /* Frameworks */,
				7E277FBB20E141BC0071531C /* Resources */,
			);
			buildRules = (
			);
			dependencies = (
			);
			name = HelloWorld;
			productName = HelloWorld;
			productReference = 7E277FBD20E141BC0071531C /* HelloWorld.app */;
			productType = "com.apple.product-type.application";
		};
		7E277FD020E141BF0071531C /* HelloWorldTests */ = {
			isa = PBXNativeTarget;
			buildConfigurationList = 7E277FE820E141BF0071531C /* Build configuration list for PBXNativeTarget "HelloWorldTests" */;
			buildPhases = (
				7E277FCD20E141BF0071531C /* Sources */,
				7E277FCE20E141BF0071531C /* Frameworks */,
				7E277FCF20E141BF0071531C /* Resources */,
			);
			buildRules = (
			);
			dependencies = (
				7E277FD320E141BF0071531C /* PBXTargetDependency */,
			);
			name = HelloWorldTests;
			productName = HelloWorldTests;
			productReference = 7E277FD120E141BF0071531C /* HelloWorldTests.xctest */;
			productType = "com.apple.product-type.bundle.unit-test";
		};
		7E277FDB20E141BF0071531C /* HelloWorldUITests */ = {
			isa = PBXNativeTarget;
			buildConfigurationList = 7E277FEB20E141BF0071531C /* Build configuration list for PBXNativeTarget "HelloWorldUITests" */;
			buildPhases = (
				7E277FD820E141BF0071531C /* Sources */,
				7E277FD920E141BF0071531C /* Frameworks */,
				7E277FDA20E141BF0071531C /* Resources */,
			);
			buildRules = (
			);
			dependencies = (
				7E277FDE20E141BF0071531C /* PBXTargetDependency */,
			);
			name = HelloWorldUITests;
			productName = HelloWorldUITests;
			productReference = 7E277FDC20E141BF0071531C /* HelloWorldUITests.xctest */;
			productType = "com.apple.product-type.bundle.ui-testing";
		};
/* End PBXNativeTarget section */

/* Begin PBXProject section */
		7E277FB520E141BC0071531C /* Project object */ = {
			isa = PBXProject;
			attributes = {
				LastSwiftUpdateCheck = 0940;
				LastUpgradeCheck = 0940;
				ORGANIZATIONNAME = "Muzzi Aldean";
				TargetAttributes = {
					7E277FBC20E141BC0071531C = {
						CreatedOnToolsVersion = 9.4.1;
					};
					7E277FD020E141BF0071531C = {
						CreatedOnToolsVersion = 9.4.1;
						TestTargetID = 7E277FBC20E141BC0071531C;
					};
					7E277FDB20E141BF0071531C = {
						CreatedOnToolsVersion = 9.4.1;
						TestTargetID = 7E277FBC20E141BC0071531C;
					};
				};
			};
			buildConfigurationList = 7E277FB820E141BC0071531C /* Build configuration list for PBXProject "HelloWorld" */;
			compatibilityVersion = "Xcode 9.3";
			developmentRegion = en;
			hasScannedForEncodings = 0;
			knownRegions = (
				en,
				Base,
			);
			mainGroup = 7E277FB420E141BC0071531C;
			productRefGroup = 7E277FBE20E141BC0071531C /* Products */;
			projectDirPath = "";
			projectRoot = "";
			targets = (
				7E277FBC20E141BC0071531C /* HelloWorld */,
				7E277FD020E141BF0071531C /* HelloWorldTests */,
				7E277FDB20E141BF0071531C /* HelloWorldUITests */,
			);
		};
/* End PBXProject section */

/* Begin PBXResourcesBuildPhase section */
		7E277FBB20E141BC0071531C /* Resources */ = {
			isa = PBXResourcesBuildPhase;
			buildActionMask = 2147483647;
			files = (
				7E277FCB20E141BE0071531C /* LaunchScreen.storyboard in Resources */,
				7E277FC820E141BE0071531C /* Assets.xcassets in Resources */,
				7E277FC620E141BC0071531C /* Main.storyboard in Resources */,
			);
			runOnlyForDeploymentPostprocessing = 0;
		};
		7E277FCF20E141BF0071531C /* Resources */ = {
			isa = PBXResourcesBuildPhase;
			buildActionMask = 2147483647;
			files = (
			);
			runOnlyForDeploymentPostprocessing = 0;
		};
		7E277FDA20E141BF0071531C /* Resources */ = {
			isa = PBXResourcesBuildPhase;
			buildActionMask = 2147483647;
			files = (
			);
			runOnlyForDeploymentPostprocessing = 0;
		};
/* End PBXResourcesBuildPhase section */

/* Begin PBXSourcesBuildPhase section */
		7E277FB920E141BC0071531C /* Sources */ = {
			isa = PBXSourcesBuildPhase;
			buildActionMask = 2147483647;
			files = (
				7E277FC320E141BC0071531C /* ViewController.swift in Sources */,
				7E277FC120E141BC0071531C /* AppDelegate.swift in Sources */,
			);
			runOnlyForDeploymentPostprocessing = 0;
		};
		7E277FCD20E141BF0071531C /* Sources */ = {
			isa = PBXSourcesBuildPhase;
			buildActionMask = 2147483647;
			files = (
				7E277FD620E141BF0071531C /* HelloWorldTests.swift in Sources */,
			);
			runOnlyForDeploymentPostprocessing = 0;
		};
		7E277FD820E141BF0071531C /* Sources */ = {
			isa = PBXSourcesBuildPhase;
			buildActionMask = 2147483647;
			files = (
				7E277FE120E141BF0071531C /* HelloWorldUITests.swift in Sources */,
			);
			runOnlyForDeploymentPostprocessing = 0;
		};
/* End PBXSourcesBuildPhase section */

/* Begin PBXTargetDependency section */
		7E277FD320E141BF0071531C /* PBXTargetDependency */ = {
			isa = PBXTargetDependency;
			target = 7E277FBC20E141BC0071531C /* HelloWorld */;
			targetProxy = 7E277FD220E141BF0071531C /* PBXContainerItemProxy */;
		};
		7E277FDE20E141BF0071531C /* PBXTargetDependency */ = {
			isa = PBXTargetDependency;
			target = 7E277FBC20E141BC0071531C /* HelloWorld */;
			targetProxy = 7E277FDD20E141BF0071531C /* PBXContainerItemProxy */;
		};
/* End PBXTargetDependency section */

/* Begin PBXVariantGroup section */
		7E277FC420E141BC0071531C /* Main.storyboard */ = {
			isa = PBXVariantGroup;
			children = (
				7E277FC520E141BC0071531C /* Base */,
			);
			name = Main.storyboard;
			sourceTree = "<group>";
		};
		7E277FC920E141BE0071531C /* LaunchScreen.storyboard */ = {
			isa = PBXVariantGroup;
			children = (
				7E277FCA20E141BE0071531C /* Base */,
			);
			name = LaunchScreen.storyboard;
			sourceTree = "<group>";
		};
/* End PBXVariantGroup section */

/* Begin XCBuildConfiguration section */
		7E277FE320E141BF0071531C /* Debug */ = {
			isa = XCBuildConfiguration;
			buildSettings = {
				ALWAYS_SEARCH_USER_PATHS = NO;
				CLANG_ANALYZER_NONNULL = YES;
				CLANG_ANALYZER_NUMBER_OBJECT_CONVERSION = YES_AGGRESSIVE;
				CLANG_CXX_LANGUAGE_STANDARD = "gnu++14";
				CLANG_CXX_LIBRARY = "libc++";
				CLANG_ENABLE_MODULES = YES;
				CLANG_ENABLE_OBJC_ARC = YES;
				CLANG_ENABLE_OBJC_WEAK = YES;
				CLANG_WARN_BLOCK_CAPTURE_AUTORELEASING = YES;
				CLANG_WARN_BOOL_CONVERSION = YES;
				CLANG_WARN_COMMA = YES;
				CLANG_WARN_CONSTANT_CONVERSION = YES;
				CLANG_WARN_DEPRECATED_OBJC_IMPLEMENTATIONS = YES;
				CLANG_WARN_DIRECT_OBJC_ISA_USAGE = YES_ERROR;
				CLANG_WARN_DOCUMENTATION_COMMENTS = YES;
				CLANG_WARN_EMPTY_BODY = YES;
				CLANG_WARN_ENUM_CONVERSION = YES;
				CLANG_WARN_INFINITE_RECURSION = YES;
				CLANG_WARN_INT_CONVERSION = YES;
				CLANG_WARN_NON_LITERAL_NULL_CONVERSION = YES;
				CLANG_WARN_OBJC_IMPLICIT_RETAIN_SELF = YES;
				CLANG_WARN_OBJC_LITERAL_CONVERSION = YES;
				CLANG_WARN_OBJC_ROOT_CLASS = YES_ERROR;
				CLANG_WARN_RANGE_LOOP_ANALYSIS = YES;
				CLANG_WARN_STRICT_PROTOTYPES = YES;
				CLANG_WARN_SUSPICIOUS_MOVE = YES;
				CLANG_WARN_UNGUARDED_AVAILABILITY = YES_AGGRESSIVE;
				CLANG_WARN_UNREACHABLE_CODE = YES;
				CLANG_WARN__DUPLICATE_METHOD_MATCH = YES;
				CODE_SIGN_IDENTITY = "iPhone Developer";
				COPY_PHASE_STRIP = NO;
				DEBUG_INFORMATION_FORMAT = dwarf;
				ENABLE_STRICT_OBJC_MSGSEND = YES;
				ENABLE_TESTABILITY = YES;
				GCC_C_LANGUAGE_STANDARD = gnu11;
				GCC_DYNAMIC_NO_PIC = NO;
				GCC_NO_COMMON_BLOCKS = YES;
				GCC_OPTIMIZATION_LEVEL = 0;
				GCC_PREPROCESSOR_DEFINITIONS = (
					"DEBUG=1",
					"$(inherited)",
				);
				GCC_WARN_64_TO_32_BIT_CONVERSION = YES;
				GCC_WARN_ABOUT_RETURN_TYPE = YES_ERROR;
				GCC_WARN_UNDECLARED_SELECTOR = YES;
				GCC_WARN_UNINITIALIZED_AUTOS = YES_AGGRESSIVE;
				GCC_WARN_UNUSED_FUNCTION = YES;
				GCC_WARN_UNUSED_VARIABLE = YES;
				IPHONEOS_DEPLOYMENT_TARGET = 11.4;
				MTL_ENABLE_DEBUG_INFO = YES;
				ONLY_ACTIVE_ARCH = YES;
				SDKROOT = iphoneos;
				SWIFT_ACTIVE_COMPILATION_CONDITIONS = DEBUG;
				SWIFT_OPTIMIZATION_LEVEL = "-Onone";
			};
			name = Debug;
		};
		7E277FE420E141BF0071531C /* Release */ = {
			isa = XCBuildConfiguration;
			buildSettings = {
				ALWAYS_SEARCH_USER_PATHS = NO;
				CLANG_ANALYZER_NONNULL = YES;
				CLANG_ANALYZER_NUMBER_OBJECT_CONVERSION = YES_AGGRESSIVE;
				CLANG_CXX_LANGUAGE_STANDARD = "gnu++14";
				CLANG_CXX_LIBRARY = "libc++";
				CLANG_ENABLE_MODULES = YES;
				CLANG_ENABLE_OBJC_ARC = YES;
				CLANG_ENABLE_OBJC_WEAK = YES;
				CLANG_WARN_BLOCK_CAPTURE_AUTORELEASING = YES;
				CLANG_WARN_BOOL_CONVERSION = YES;
				CLANG_WARN_COMMA = YES;
				CLANG_WARN_CONSTANT_CONVERSION = YES;
				CLANG_WARN_DEPRECATED_OBJC_IMPLEMENTATIONS = YES;
				CLANG_WARN_DIRECT_OBJC_ISA_USAGE = YES_ERROR;
				CLANG_WARN_DOCUMENTATION_COMMENTS = YES;
				CLANG_WARN_EMPTY_BODY = YES;
				CLANG_WARN_ENUM_CONVERSION = YES;
				CLANG_WARN_INFINITE_RECURSION = YES;
				CLANG_WARN_INT_CONVERSION = YES;
				CLANG_WARN_NON_LITERAL_NULL_CONVERSION = YES;
				CLANG_WARN_OBJC_IMPLICIT_RETAIN_SELF = YES;
				CLANG_WARN_OBJC_LITERAL_CONVERSION = YES;
				CLANG_WARN_OBJC_ROOT_CLASS = YES_ERROR;
				CLANG_WARN_RANGE_LOOP_ANALYSIS = YES;
				CLANG_WARN_STRICT_PROTOTYPES = YES;
				CLANG_WARN_SUSPICIOUS_MOVE = YES;
				CLANG_WARN_UNGUARDED_AVAILABILITY = YES_AGGRESSIVE;
				CLANG_WARN_UNREACHABLE_CODE = YES;
				CLANG_WARN__DUPLICATE_METHOD_MATCH = YES;
				CODE_SIGN_IDENTITY = "iPhone Developer";
				COPY_PHASE_STRIP = NO;
				DEBUG_INFORMATION_FORMAT = "dwarf-with-dsym";
				ENABLE_NS_ASSERTIONS = NO;
				ENABLE_STRICT_OBJC_MSGSEND = YES;
				GCC_C_LANGUAGE_STANDARD = gnu11;
				GCC_NO_COMMON_BLOCKS = YES;
				GCC_WARN_64_TO_32_BIT_CONVERSION = YES;
				GCC_WARN_ABOUT_RETURN_TYPE = YES_ERROR;
				GCC_WARN_UNDECLARED_SELECTOR = YES;
				GCC_WARN_UNINITIALIZED_AUTOS = YES_AGGRESSIVE;
				GCC_WARN_UNUSED_FUNCTION = YES;
				GCC_WARN_UNUSED_VARIABLE = YES;
				IPHONEOS_DEPLOYMENT_TARGET = 11.4;
				MTL_ENABLE_DEBUG_INFO = NO;
				SDKROOT = iphoneos;
				SWIFT_COMPILATION_MODE = wholemodule;
				SWIFT_OPTIMIZATION_LEVEL = "-O";
				VALIDATE_PRODUCT = YES;
			};
			name = Release;
		};
		7E277FE620E141BF0071531C /* Debug */ = {
			isa = XCBuildConfiguration;
			buildSettings = {
				ASSETCATALOG_COMPILER_APPICON_NAME = AppIcon;
				CODE_SIGN_STYLE = Automatic;
				INFOPLIST_FILE = HelloWorld/Info.plist;
				LD_RUNPATH_SEARCH_PATHS = (
					"$(inherited)",
					"@executable_path/Frameworks",
				);
				PRODUCT_BUNDLE_IDENTIFIER = "Muzzi-Aldean.HelloWorld";
				PRODUCT_NAME = "$(TARGET_NAME)";
				SWIFT_VERSION = 4.0;
				TARGETED_DEVICE_FAMILY = "1,2";
			};
			name = Debug;
		};
		7E277FE720E141BF0071531C /* Release */ = {
			isa = XCBuildConfiguration;
			buildSettings = {
				ASSETCATALOG_COMPILER_APPICON_NAME = AppIcon;
				CODE_SIGN_STYLE = Automatic;
				INFOPLIST_FILE = HelloWorld/Info.plist;
				LD_RUNPATH_SEARCH_PATHS = (
					"$(inherited)",
					"@executable_path/Frameworks",
				);
				PRODUCT_BUNDLE_IDENTIFIER = "Muzzi-Aldean.HelloWorld";
				PRODUCT_NAME = "$(TARGET_NAME)";
				SWIFT_VERSION = 4.0;
				TARGETED_DEVICE_FAMILY = "1,2";
			};
			name = Release;
		};
		7E277FE920E141BF0071531C /* Debug */ = {
			isa = XCBuildConfiguration;
			buildSettings = {
				ALWAYS_EMBED_SWIFT_STANDARD_LIBRARIES = YES;
				BUNDLE_LOADER = "$(TEST_HOST)";
				CODE_SIGN_STYLE = Automatic;
				INFOPLIST_FILE = HelloWorldTests/Info.plist;
				LD_RUNPATH_SEARCH_PATHS = (
					"$(inherited)",
					"@executable_path/Frameworks",
					"@loader_path/Frameworks",
				);
				PRODUCT_BUNDLE_IDENTIFIER = "Muzzi-Aldean.HelloWorldTests";
				PRODUCT_NAME = "$(TARGET_NAME)";
				SWIFT_VERSION = 4.0;
				TARGETED_DEVICE_FAMILY = "1,2";
				TEST_HOST = "$(BUILT_PRODUCTS_DIR)/HelloWorld.app/HelloWorld";
			};
			name = Debug;
		};
		7E277FEA20E141BF0071531C /* Release */ = {
			isa = XCBuildConfiguration;
			buildSettings = {
				ALWAYS_EMBED_SWIFT_STANDARD_LIBRARIES = YES;
				BUNDLE_LOADER = "$(TEST_HOST)";
				CODE_SIGN_STYLE = Automatic;
				INFOPLIST_FILE = HelloWorldTests/Info.plist;
				LD_RUNPATH_SEARCH_PATHS = (
					"$(inherited)",
					"@executable_path/Frameworks",
					"@loader_path/Frameworks",
				);
				PRODUCT_BUNDLE_IDENTIFIER = "Muzzi-Aldean.HelloWorldTests";
				PRODUCT_NAME = "$(TARGET_NAME)";
				SWIFT_VERSION = 4.0;
				TARGETED_DEVICE_FAMILY = "1,2";
				TEST_HOST = "$(BUILT_PRODUCTS_DIR)/HelloWorld.app/HelloWorld";
			};
			name = Release;
		};
		7E277FEC20E141BF0071531C /* Debug */ = {
			isa = XCBuildConfiguration;
			buildSettings = {
				ALWAYS_EMBED_SWIFT_STANDARD_LIBRARIES = YES;
				CODE_SIGN_STYLE = Automatic;
				INFOPLIST_FILE = HelloWorldUITests/Info.plist;
				LD_RUNPATH_SEARCH_PATHS = (
					"$(inherited)",
					"@executable_path/Frameworks",
					"@loader_path/Frameworks",
				);
				PRODUCT_BUNDLE_IDENTIFIER = "Muzzi-Aldean.HelloWorldUITests";
				PRODUCT_NAME = "$(TARGET_NAME)";
				SWIFT_VERSION = 4.0;
				TARGETED_DEVICE_FAMILY = "1,2";
				TEST_TARGET_NAME = HelloWorld;
			};
			name = Debug;
		};
		7E277FED20E141BF0071531C /* Release */ = {
			isa = XCBuildConfiguration;
			buildSettings = {
				ALWAYS_EMBED_SWIFT_STANDARD_LIBRARIES = YES;
				CODE_SIGN_STYLE = Automatic;
				INFOPLIST_FILE = HelloWorldUITests/Info.plist;
				LD_RUNPATH_SEARCH_PATHS = (
					"$(inherited)",
					"@executable_path/Frameworks",
					"@loader_path/Frameworks",
				);
				PRODUCT_BUNDLE_IDENTIFIER = "Muzzi-Aldean.HelloWorldUITests";
				PRODUCT_NAME = "$(TARGET_NAME)";
				SWIFT_VERSION = 4.0;
				TARGETED_DEVICE_FAMILY = "1,2";
				TEST_TARGET_NAME = HelloWorld;
			};
			name = Release;
		};
/* End XCBuildConfiguration section */

/* Begin XCConfigurationList section */
		7E277FB820E141BC0071531C /* Build configuration list for PBXProject "HelloWorld" */ = {
			isa = XCConfigurationList;
			buildConfigurations = (
				7E277FE320E141BF0071531C /* Debug */,
				7E277FE420E141BF0071531C /* Release */,
			);
			defaultConfigurationIsVisible = 0;
			defaultConfigurationName = Release;
		};
		7E277FE520E141BF0071531C /* Build configuration list for PBXNativeTarget "HelloWorld" */ = {
			isa = XCConfigurationList;
			buildConfigurations = (
				7E277FE620E141BF0071531C /* Debug */,
				7E277FE720E141BF0071531C /* Release */,
			);
			defaultConfigurationIsVisible = 0;
			defaultConfigurationName = Release;
		};
		7E277FE820E141BF0071531C /* Build configuration list for PBXNativeTarget "HelloWorldTests" */ = {
			isa = XCConfigurationList;
			buildConfigurations = (
				7E277FE920E141BF0071531C /* Debug */,
				7E277FEA20E141BF0071531C /* Release */,
			);
			defaultConfigurationIsVisible = 0;
			defaultConfigurationName = Release;
		};
		7E277FEB20E141BF0071531C /* Build configuration list for PBXNativeTarget "HelloWorldUITests" */ = {
			isa = XCConfigurationList;
			buildConfigurations = (
				7E277FEC20E141BF0071531C /* Debug */,
				7E277FED20E141BF0071531C /* Release */,
			);
			defaultConfigurationIsVisible = 0;
			defaultConfigurationName = Release;
		};
/* End XCConfigurationList section */
	};
	rootObject = 7E277FB520E141BC0071531C /* Project object */;
}
